// !$*UTF8*$!
{
	archiveVersion = 1;
	classes = {
	};
	objectVersion = 55;
	objects = {

/* Begin PBXBuildFile section */
		20E3A81728A8C77900BB4BD3 /* AppDelegate.swift in Sources */ = {isa = PBXBuildFile; fileRef = 20E3A81628A8C77900BB4BD3 /* AppDelegate.swift */; };
		20E3A81928A8C77900BB4BD3 /* SceneDelegate.swift in Sources */ = {isa = PBXBuildFile; fileRef = 20E3A81828A8C77900BB4BD3 /* SceneDelegate.swift */; };
		20E3A81B28A8C77900BB4BD3 /* ViewController.swift in Sources */ = {isa = PBXBuildFile; fileRef = 20E3A81A28A8C77900BB4BD3 /* ViewController.swift */; };
		20E3A81E28A8C77900BB4BD3 /* Main.storyboard in Resources */ = {isa = PBXBuildFile; fileRef = 20E3A81C28A8C77900BB4BD3 /* Main.storyboard */; };
		20E3A82028A8C77B00BB4BD3 /* Assets.xcassets in Resources */ = {isa = PBXBuildFile; fileRef = 20E3A81F28A8C77B00BB4BD3 /* Assets.xcassets */; };
		20E3A82328A8C77B00BB4BD3 /* LaunchScreen.storyboard in Resources */ = {isa = PBXBuildFile; fileRef = 20E3A82128A8C77B00BB4BD3 /* LaunchScreen.storyboard */; };
		20E3A82D28A8CAF100BB4BD3 /* MyTableViewCell.xib in Resources */ = {isa = PBXBuildFile; fileRef = 20E3A82C28A8CAF100BB4BD3 /* MyTableViewCell.xib */; };
		20E3A82F28A8D5A200BB4BD3 /* Unknown.jpeg in Resources */ = {isa = PBXBuildFile; fileRef = 20E3A82E28A8D5A200BB4BD3 /* Unknown.jpeg */; };
		20E3A83428A8DDB200BB4BD3 /* Constants.swift in Sources */ = {isa = PBXBuildFile; fileRef = 20E3A83328A8DDB200BB4BD3 /* Constants.swift */; };
		20E3A83628A8DDC100BB4BD3 /* Model.swift in Sources */ = {isa = PBXBuildFile; fileRef = 20E3A83528A8DDC100BB4BD3 /* Model.swift */; };
		20E5FA3D28AA2FD20082FA55 /* WeatherManager.swift in Sources */ = {isa = PBXBuildFile; fileRef = 20E5FA3C28AA2FD20082FA55 /* WeatherManager.swift */; };
		20E5FA3F28AB1B780082FA55 /* MyTableViewCell.swift in Sources */ = {isa = PBXBuildFile; fileRef = 20E5FA3E28AB1B780082FA55 /* MyTableViewCell.swift */; };
		20E5FA4128AB37220082FA55 /* ImageCacheManager.swift in Sources */ = {isa = PBXBuildFile; fileRef = 20E5FA4028AB37220082FA55 /* ImageCacheManager.swift */; };
/* End PBXBuildFile section */

/* Begin PBXFileReference section */
		20E3A81328A8C77900BB4BD3 /* URLSession_practice.app */ = {isa = PBXFileReference; explicitFileType = wrapper.application; includeInIndex = 0; path = URLSession_practice.app; sourceTree = BUILT_PRODUCTS_DIR; };
		20E3A81628A8C77900BB4BD3 /* AppDelegate.swift */ = {isa = PBXFileReference; lastKnownFileType = sourcecode.swift; path = AppDelegate.swift; sourceTree = "<group>"; };
		20E3A81828A8C77900BB4BD3 /* SceneDelegate.swift */ = {isa = PBXFileReference; lastKnownFileType = sourcecode.swift; path = SceneDelegate.swift; sourceTree = "<group>"; };
		20E3A81A28A8C77900BB4BD3 /* ViewController.swift */ = {isa = PBXFileReference; lastKnownFileType = sourcecode.swift; path = ViewController.swift; sourceTree = "<group>"; };
		20E3A81D28A8C77900BB4BD3 /* Base */ = {isa = PBXFileReference; lastKnownFileType = file.storyboard; name = Base; path = Base.lproj/Main.storyboard; sourceTree = "<group>"; };
		20E3A81F28A8C77B00BB4BD3 /* Assets.xcassets */ = {isa = PBXFileReference; lastKnownFileType = folder.assetcatalog; path = Assets.xcassets; sourceTree = "<group>"; };
		20E3A82228A8C77B00BB4BD3 /* Base */ = {isa = PBXFileReference; lastKnownFileType = file.storyboard; name = Base; path = Base.lproj/LaunchScreen.storyboard; sourceTree = "<group>"; };
		20E3A82428A8C77B00BB4BD3 /* Info.plist */ = {isa = PBXFileReference; lastKnownFileType = text.plist.xml; path = Info.plist; sourceTree = "<group>"; };
		20E3A82C28A8CAF100BB4BD3 /* MyTableViewCell.xib */ = {isa = PBXFileReference; lastKnownFileType = file.xib; path = MyTableViewCell.xib; sourceTree = "<group>"; };
		20E3A82E28A8D5A200BB4BD3 /* Unknown.jpeg */ = {isa = PBXFileReference; lastKnownFileType = image.jpeg; path = Unknown.jpeg; sourceTree = "<group>"; };
		20E3A83328A8DDB200BB4BD3 /* Constants.swift */ = {isa = PBXFileReference; lastKnownFileType = sourcecode.swift; path = Constants.swift; sourceTree = "<group>"; };
		20E3A83528A8DDC100BB4BD3 /* Model.swift */ = {isa = PBXFileReference; lastKnownFileType = sourcecode.swift; path = Model.swift; sourceTree = "<group>"; };
		20E5FA3C28AA2FD20082FA55 /* WeatherManager.swift */ = {isa = PBXFileReference; lastKnownFileType = sourcecode.swift; path = WeatherManager.swift; sourceTree = "<group>"; };
		20E5FA3E28AB1B780082FA55 /* MyTableViewCell.swift */ = {isa = PBXFileReference; lastKnownFileType = sourcecode.swift; path = MyTableViewCell.swift; sourceTree = "<group>"; };
		20E5FA4028AB37220082FA55 /* ImageCacheManager.swift */ = {isa = PBXFileReference; lastKnownFileType = sourcecode.swift; path = ImageCacheManager.swift; sourceTree = "<group>"; };
/* End PBXFileReference section */

/* Begin PBXFrameworksBuildPhase section */
		20E3A81028A8C77900BB4BD3 /* Frameworks */ = {
			isa = PBXFrameworksBuildPhase;
			buildActionMask = 2147483647;
			files = (
			);
			runOnlyForDeploymentPostprocessing = 0;
		};
/* End PBXFrameworksBuildPhase section */

/* Begin PBXGroup section */
		20E3A80A28A8C77900BB4BD3 = {
			isa = PBXGroup;
			children = (
				20E3A81528A8C77900BB4BD3 /* URLSession_practice */,
				20E3A81428A8C77900BB4BD3 /* Products */,
			);
			sourceTree = "<group>";
		};
		20E3A81428A8C77900BB4BD3 /* Products */ = {
			isa = PBXGroup;
			children = (
				20E3A81328A8C77900BB4BD3 /* URLSession_practice.app */,
			);
			name = Products;
			sourceTree = "<group>";
		};
		20E3A81528A8C77900BB4BD3 /* URLSession_practice */ = {
			isa = PBXGroup;
			children = (
				20E5FA3B28A8E5B40082FA55 /* Service */,
				20E3A83228A8DD8B00BB4BD3 /* Controller */,
				20E3A83128A8DD7700BB4BD3 /* View */,
				20E3A83028A8DD6E00BB4BD3 /* Model */,
				20E3A81F28A8C77B00BB4BD3 /* Assets.xcassets */,
				20E3A82428A8C77B00BB4BD3 /* Info.plist */,
				20E3A81628A8C77900BB4BD3 /* AppDelegate.swift */,
				20E3A81828A8C77900BB4BD3 /* SceneDelegate.swift */,
				20E3A82E28A8D5A200BB4BD3 /* Unknown.jpeg */,
			);
			path = URLSession_practice;
			sourceTree = "<group>";
		};
		20E3A83028A8DD6E00BB4BD3 /* Model */ = {
			isa = PBXGroup;
			children = (
				20E3A83328A8DDB200BB4BD3 /* Constants.swift */,
				20E3A83528A8DDC100BB4BD3 /* Model.swift */,
			);
			path = Model;
			sourceTree = "<group>";
		};
		20E3A83128A8DD7700BB4BD3 /* View */ = {
			isa = PBXGroup;
			children = (
				20E3A82C28A8CAF100BB4BD3 /* MyTableViewCell.xib */,
				20E3A81C28A8C77900BB4BD3 /* Main.storyboard */,
				20E3A82128A8C77B00BB4BD3 /* LaunchScreen.storyboard */,
			);
			path = View;
			sourceTree = "<group>";
		};
		20E3A83228A8DD8B00BB4BD3 /* Controller */ = {
			isa = PBXGroup;
			children = (
				20E3A81A28A8C77900BB4BD3 /* ViewController.swift */,
				20E5FA3E28AB1B780082FA55 /* MyTableViewCell.swift */,
			);
			path = Controller;
			sourceTree = "<group>";
		};
		20E5FA3B28A8E5B40082FA55 /* Service */ = {
			isa = PBXGroup;
			children = (
				20E5FA3C28AA2FD20082FA55 /* WeatherManager.swift */,
				20E5FA4028AB37220082FA55 /* ImageCacheManager.swift */,
			);
			path = Service;
			sourceTree = "<group>";
		};
/* End PBXGroup section */

/* Begin PBXNativeTarget section */
		20E3A81228A8C77900BB4BD3 /* URLSession_practice */ = {
			isa = PBXNativeTarget;
			buildConfigurationList = 20E3A82728A8C77B00BB4BD3 /* Build configuration list for PBXNativeTarget "URLSession_practice" */;
			buildPhases = (
				20E3A80F28A8C77900BB4BD3 /* Sources */,
				20E3A81028A8C77900BB4BD3 /* Frameworks */,
				20E3A81128A8C77900BB4BD3 /* Resources */,
			);
			buildRules = (
			);
			dependencies = (
			);
			name = URLSession_practice;
			productName = URLSession_practice;
			productReference = 20E3A81328A8C77900BB4BD3 /* URLSession_practice.app */;
			productType = "com.apple.product-type.application";
		};
/* End PBXNativeTarget section */

/* Begin PBXProject section */
		20E3A80B28A8C77900BB4BD3 /* Project object */ = {
			isa = PBXProject;
			attributes = {
				BuildIndependentTargetsInParallel = 1;
				LastSwiftUpdateCheck = 1340;
				LastUpgradeCheck = 1340;
				TargetAttributes = {
					20E3A81228A8C77900BB4BD3 = {
						CreatedOnToolsVersion = 13.4.1;
					};
				};
			};
			buildConfigurationList = 20E3A80E28A8C77900BB4BD3 /* Build configuration list for PBXProject "URLSession_practice" */;
			compatibilityVersion = "Xcode 13.0";
			developmentRegion = en;
			hasScannedForEncodings = 0;
			knownRegions = (
				en,
				Base,
			);
			mainGroup = 20E3A80A28A8C77900BB4BD3;
			productRefGroup = 20E3A81428A8C77900BB4BD3 /* Products */;
			projectDirPath = "";
			projectRoot = "";
			targets = (
				20E3A81228A8C77900BB4BD3 /* URLSession_practice */,
			);
		};
/* End PBXProject section */

/* Begin PBXResourcesBuildPhase section */
		20E3A81128A8C77900BB4BD3 /* Resources */ = {
			isa = PBXResourcesBuildPhase;
			buildActionMask = 2147483647;
			files = (
				20E3A82328A8C77B00BB4BD3 /* LaunchScreen.storyboard in Resources */,
				20E3A82D28A8CAF100BB4BD3 /* MyTableViewCell.xib in Resources */,
				20E3A82028A8C77B00BB4BD3 /* Assets.xcassets in Resources */,
				20E3A81E28A8C77900BB4BD3 /* Main.storyboard in Resources */,
				20E3A82F28A8D5A200BB4BD3 /* Unknown.jpeg in Resources */,
			);
			runOnlyForDeploymentPostprocessing = 0;
		};
/* End PBXResourcesBuildPhase section */

/* Begin PBXSourcesBuildPhase section */
		20E3A80F28A8C77900BB4BD3 /* Sources */ = {
			isa = PBXSourcesBuildPhase;
			buildActionMask = 2147483647;
			files = (
				20E5FA3F28AB1B780082FA55 /* MyTableViewCell.swift in Sources */,
				20E3A81B28A8C77900BB4BD3 /* ViewController.swift in Sources */,
				20E3A81728A8C77900BB4BD3 /* AppDelegate.swift in Sources */,
				20E5FA3D28AA2FD20082FA55 /* WeatherManager.swift in Sources */,
				20E3A83628A8DDC100BB4BD3 /* Model.swift in Sources */,
				20E5FA4128AB37220082FA55 /* ImageCacheManager.swift in Sources */,
				20E3A83428A8DDB200BB4BD3 /* Constants.swift in Sources */,
				20E3A81928A8C77900BB4BD3 /* SceneDelegate.swift in Sources */,
			);
			runOnlyForDeploymentPostprocessing = 0;
		};
/* End PBXSourcesBuildPhase section */

/* Begin PBXVariantGroup section */
		20E3A81C28A8C77900BB4BD3 /* Main.storyboard */ = {
			isa = PBXVariantGroup;
			children = (
				20E3A81D28A8C77900BB4BD3 /* Base */,
			);
			name = Main.storyboard;
			sourceTree = "<group>";
		};
		20E3A82128A8C77B00BB4BD3 /* LaunchScreen.storyboard */ = {
			isa = PBXVariantGroup;
			children = (
				20E3A82228A8C77B00BB4BD3 /* Base */,
			);
			name = LaunchScreen.storyboard;
			sourceTree = "<group>";
		};
/* End PBXVariantGroup section */

/* Begin XCBuildConfiguration section */
		20E3A82528A8C77B00BB4BD3 /* Debug */ = {
			isa = XCBuildConfiguration;
			buildSettings = {
				ALWAYS_SEARCH_USER_PATHS = NO;
				CLANG_ANALYZER_NONNULL = YES;
				CLANG_ANALYZER_NUMBER_OBJECT_CONVERSION = YES_AGGRESSIVE;
				CLANG_CXX_LANGUAGE_STANDARD = "gnu++17";
				CLANG_ENABLE_MODULES = YES;
				CLANG_ENABLE_OBJC_ARC = YES;
				CLANG_ENABLE_OBJC_WEAK = YES;
				CLANG_WARN_BLOCK_CAPTURE_AUTORELEASING = YES;
				CLANG_WARN_BOOL_CONVERSION = YES;
				CLANG_WARN_COMMA = YES;
				CLANG_WARN_CONSTANT_CONVERSION = YES;
				CLANG_WARN_DEPRECATED_OBJC_IMPLEMENTATIONS = YES;
				CLANG_WARN_DIRECT_OBJC_ISA_USAGE = YES_ERROR;
				CLANG_WARN_DOCUMENTATION_COMMENTS = YES;
				CLANG_WARN_EMPTY_BODY = YES;
				CLANG_WARN_ENUM_CONVERSION = YES;
				CLANG_WARN_INFINITE_RECURSION = YES;
				CLANG_WARN_INT_CONVERSION = YES;
				CLANG_WARN_NON_LITERAL_NULL_CONVERSION = YES;
				CLANG_WARN_OBJC_IMPLICIT_RETAIN_SELF = YES;
				CLANG_WARN_OBJC_LITERAL_CONVERSION = YES;
				CLANG_WARN_OBJC_ROOT_CLASS = YES_ERROR;
				CLANG_WARN_QUOTED_INCLUDE_IN_FRAMEWORK_HEADER = YES;
				CLANG_WARN_RANGE_LOOP_ANALYSIS = YES;
				CLANG_WARN_STRICT_PROTOTYPES = YES;
				CLANG_WARN_SUSPICIOUS_MOVE = YES;
				CLANG_WARN_UNGUARDED_AVAILABILITY = YES_AGGRESSIVE;
				CLANG_WARN_UNREACHABLE_CODE = YES;
				CLANG_WARN__DUPLICATE_METHOD_MATCH = YES;
				COPY_PHASE_STRIP = NO;
				DEBUG_INFORMATION_FORMAT = dwarf;
				ENABLE_STRICT_OBJC_MSGSEND = YES;
				ENABLE_TESTABILITY = YES;
				GCC_C_LANGUAGE_STANDARD = gnu11;
				GCC_DYNAMIC_NO_PIC = NO;
				GCC_NO_COMMON_BLOCKS = YES;
				GCC_OPTIMIZATION_LEVEL = 0;
				GCC_PREPROCESSOR_DEFINITIONS = (
					"DEBUG=1",
					"$(inherited)",
				);
				GCC_WARN_64_TO_32_BIT_CONVERSION = YES;
				GCC_WARN_ABOUT_RETURN_TYPE = YES_ERROR;
				GCC_WARN_UNDECLARED_SELECTOR = YES;
				GCC_WARN_UNINITIALIZED_AUTOS = YES_AGGRESSIVE;
				GCC_WARN_UNUSED_FUNCTION = YES;
				GCC_WARN_UNUSED_VARIABLE = YES;
				IPHONEOS_DEPLOYMENT_TARGET = 15.5;
				MTL_ENABLE_DEBUG_INFO = INCLUDE_SOURCE;
				MTL_FAST_MATH = YES;
				ONLY_ACTIVE_ARCH = YES;
				SDKROOT = iphoneos;
				SWIFT_ACTIVE_COMPILATION_CONDITIONS = DEBUG;
				SWIFT_OPTIMIZATION_LEVEL = "-Onone";
			};
			name = Debug;
		};
		20E3A82628A8C77B00BB4BD3 /* Release */ = {
			isa = XCBuildConfiguration;
			buildSettings = {
				ALWAYS_SEARCH_USER_PATHS = NO;
				CLANG_ANALYZER_NONNULL = YES;
				CLANG_ANALYZER_NUMBER_OBJECT_CONVERSION = YES_AGGRESSIVE;
				CLANG_CXX_LANGUAGE_STANDARD = "gnu++17";
				CLANG_ENABLE_MODULES = YES;
				CLANG_ENABLE_OBJC_ARC = YES;
				CLANG_ENABLE_OBJC_WEAK = YES;
				CLANG_WARN_BLOCK_CAPTURE_AUTORELEASING = YES;
				CLANG_WARN_BOOL_CONVERSION = YES;
				CLANG_WARN_COMMA = YES;
				CLANG_WARN_CONSTANT_CONVERSION = YES;
				CLANG_WARN_DEPRECATED_OBJC_IMPLEMENTATIONS = YES;
				CLANG_WARN_DIRECT_OBJC_ISA_USAGE = YES_ERROR;
				CLANG_WARN_DOCUMENTATION_COMMENTS = YES;
				CLANG_WARN_EMPTY_BODY = YES;
				CLANG_WARN_ENUM_CONVERSION = YES;
				CLANG_WARN_INFINITE_RECURSION = YES;
				CLANG_WARN_INT_CONVERSION = YES;
				CLANG_WARN_NON_LITERAL_NULL_CONVERSION = YES;
				CLANG_WARN_OBJC_IMPLICIT_RETAIN_SELF = YES;
				CLANG_WARN_OBJC_LITERAL_CONVERSION = YES;
				CLANG_WARN_OBJC_ROOT_CLASS = YES_ERROR;
				CLANG_WARN_QUOTED_INCLUDE_IN_FRAMEWORK_HEADER = YES;
				CLANG_WARN_RANGE_LOOP_ANALYSIS = YES;
				CLANG_WARN_STRICT_PROTOTYPES = YES;
				CLANG_WARN_SUSPICIOUS_MOVE = YES;
				CLANG_WARN_UNGUARDED_AVAILABILITY = YES_AGGRESSIVE;
				CLANG_WARN_UNREACHABLE_CODE = YES;
				CLANG_WARN__DUPLICATE_METHOD_MATCH = YES;
				COPY_PHASE_STRIP = NO;
				DEBUG_INFORMATION_FORMAT = "dwarf-with-dsym";
				ENABLE_NS_ASSERTIONS = NO;
				ENABLE_STRICT_OBJC_MSGSEND = YES;
				GCC_C_LANGUAGE_STANDARD = gnu11;
				GCC_NO_COMMON_BLOCKS = YES;
				GCC_WARN_64_TO_32_BIT_CONVERSION = YES;
				GCC_WARN_ABOUT_RETURN_TYPE = YES_ERROR;
				GCC_WARN_UNDECLARED_SELECTOR = YES;
				GCC_WARN_UNINITIALIZED_AUTOS = YES_AGGRESSIVE;
				GCC_WARN_UNUSED_FUNCTION = YES;
				GCC_WARN_UNUSED_VARIABLE = YES;
				IPHONEOS_DEPLOYMENT_TARGET = 15.5;
				MTL_ENABLE_DEBUG_INFO = NO;
				MTL_FAST_MATH = YES;
				SDKROOT = iphoneos;
				SWIFT_COMPILATION_MODE = wholemodule;
				SWIFT_OPTIMIZATION_LEVEL = "-O";
				VALIDATE_PRODUCT = YES;
			};
			name = Release;
		};
		20E3A82828A8C77B00BB4BD3 /* Debug */ = {
			isa = XCBuildConfiguration;
			buildSettings = {
				ASSETCATALOG_COMPILER_APPICON_NAME = AppIcon;
				ASSETCATALOG_COMPILER_GLOBAL_ACCENT_COLOR_NAME = AccentColor;
				CODE_SIGN_STYLE = Automatic;
				CURRENT_PROJECT_VERSION = 1;
				DEVELOPMENT_TEAM = 5857WA4NG3;
				GENERATE_INFOPLIST_FILE = YES;
				INFOPLIST_FILE = URLSession_practice/Info.plist;
				INFOPLIST_KEY_UIApplicationSupportsIndirectInputEvents = YES;
				INFOPLIST_KEY_UILaunchStoryboardName = LaunchScreen;
				INFOPLIST_KEY_UIMainStoryboardFile = Main;
				INFOPLIST_KEY_UISupportedInterfaceOrientations_iPad = "UIInterfaceOrientationPortrait UIInterfaceOrientationPortraitUpsideDown UIInterfaceOrientationLandscapeLeft UIInterfaceOrientationLandscapeRight";
				INFOPLIST_KEY_UISupportedInterfaceOrientations_iPhone = "UIInterfaceOrientationPortrait UIInterfaceOrientationLandscapeLeft UIInterfaceOrientationLandscapeRight";
				LD_RUNPATH_SEARCH_PATHS = (
					"$(inherited)",
					"@executable_path/Frameworks",
				);
				MARKETING_VERSION = 1.0;
				PRODUCT_BUNDLE_IDENTIFIER = "com.reallywantit.URLSession-practice";
				PRODUCT_NAME = "$(TARGET_NAME)";
				SWIFT_EMIT_LOC_STRINGS = YES;
				SWIFT_VERSION = 5.0;
				TARGETED_DEVICE_FAMILY = "1,2";
			};
			name = Debug;
		};
		20E3A82928A8C77B00BB4BD3 /* Release */ = {
			isa = XCBuildConfiguration;
			buildSettings = {
				ASSETCATALOG_COMPILER_APPICON_NAME = AppIcon;
				ASSETCATALOG_COMPILER_GLOBAL_ACCENT_COLOR_NAME = AccentColor;
				CODE_SIGN_STYLE = Automatic;
				CURRENT_PROJECT_VERSION = 1;
				DEVELOPMENT_TEAM = 5857WA4NG3;
				GENERATE_INFOPLIST_FILE = YES;
				INFOPLIST_FILE = URLSession_practice/Info.plist;
				INFOPLIST_KEY_UIApplicationSupportsIndirectInputEvents = YES;
				INFOPLIST_KEY_UILaunchStoryboardName = LaunchScreen;
				INFOPLIST_KEY_UIMainStoryboardFile = Main;
				INFOPLIST_KEY_UISupportedInterfaceOrientations_iPad = "UIInterfaceOrientationPortrait UIInterfaceOrientationPortraitUpsideDown UIInterfaceOrientationLandscapeLeft UIInterfaceOrientationLandscapeRight";
				INFOPLIST_KEY_UISupportedInterfaceOrientations_iPhone = "UIInterfaceOrientationPortrait UIInterfaceOrientationLandscapeLeft UIInterfaceOrientationLandscapeRight";
				LD_RUNPATH_SEARCH_PATHS = (
					"$(inherited)",
					"@executable_path/Frameworks",
				);
				MARKETING_VERSION = 1.0;
				PRODUCT_BUNDLE_IDENTIFIER = "com.reallywantit.URLSession-practice";
				PRODUCT_NAME = "$(TARGET_NAME)";
				SWIFT_EMIT_LOC_STRINGS = YES;
				SWIFT_VERSION = 5.0;
				TARGETED_DEVICE_FAMILY = "1,2";
			};
			name = Release;
		};
/* End XCBuildConfiguration section */

/* Begin XCConfigurationList section */
		20E3A80E28A8C77900BB4BD3 /* Build configuration list for PBXProject "URLSession_practice" */ = {
			isa = XCConfigurationList;
			buildConfigurations = (
				20E3A82528A8C77B00BB4BD3 /* Debug */,
				20E3A82628A8C77B00BB4BD3 /* Release */,
			);
			defaultConfigurationIsVisible = 0;
			defaultConfigurationName = Release;
		};
		20E3A82728A8C77B00BB4BD3 /* Build configuration list for PBXNativeTarget "URLSession_practice" */ = {
			isa = XCConfigurationList;
			buildConfigurations = (
				20E3A82828A8C77B00BB4BD3 /* Debug */,
				20E3A82928A8C77B00BB4BD3 /* Release */,
			);
			defaultConfigurationIsVisible = 0;
			defaultConfigurationName = Release;
		};
/* End XCConfigurationList section */
	};
	rootObject = 20E3A80B28A8C77900BB4BD3 /* Project object */;
}
